
Microsoft Visual Studio Solution File, Format Version 12.00
# Visual Studio Version 17
VisualStudioVersion = 17.2.32516.85
MinimumVisualStudioVersion = 10.0.40219.1
Project("{FAE04EC0-301F-11D3-BF4B-00C04F79EFBC}") = "ConsoleApp4", "ConsoleApp4\ConsoleApp4.csproj", "{2B613416-2D5D-4395-A61E-7DA2D1DA02AE}"
EndProject
Global
	GlobalSection(SolutionConfigurationPlatforms) = preSolution
		Debug|Any CPU = Debug|Any CPU
		Release|Any CPU = Release|Any CPU
	EndGlobalSection
	GlobalSection(ProjectConfigurationPlatforms) = postSolution
		{2B613416-2D5D-4395-A61E-7DA2D1DA02AE}.Debug|Any CPU.ActiveCfg = Debug|Any CPU
		{2B613416-2D5D-4395-A61E-7DA2D1DA02AE}.Debug|Any CPU.Build.0 = Debug|Any CPU
		{2B613416-2D5D-4395-A61E-7DA2D1DA02AE}.Release|Any CPU.ActiveCfg = Release|Any CPU
		{2B613416-2D5D-4395-A61E-7DA2D1DA02AE}.Release|Any CPU.Build.0 = Release|Any CPU
	EndGlobalSection
	GlobalSection(SolutionProperties) = preSolution
		HideSolutionNode = FALSE
	EndGlobalSection
	GlobalSection(ExtensibilityGlobals) = postSolution
		SolutionGuid = {D67C5266-74C4-4766-A2E3-4889ACD6C228}
	EndGlobalSection
EndGlobal
